
Microsoft Visual Studio Solution File, Format Version 12.00
# Visual Studio Version 16
VisualStudioVersion = 25.0.1700.7
MinimumVisualStudioVersion = 10.0.40219.1
Project("{FAE04EC0-301F-11D3-BF4B-00C04F79EFBC}") = "SelectionStatement", "SelectionStatement\SelectionStatement.csproj", "{678EC421-9DD4-46B7-B5AC-025BCB2AB231}"
EndProject
Global
	GlobalSection(SolutionConfigurationPlatforms) = preSolution
		Debug|Any CPU = Debug|Any CPU
		Release|Any CPU = Release|Any CPU
	EndGlobalSection
	GlobalSection(ProjectConfigurationPlatforms) = postSolution
		{678EC421-9DD4-46B7-B5AC-025BCB2AB231}.Debug|Any CPU.ActiveCfg = Debug|Any CPU
		{678EC421-9DD4-46B7-B5AC-025BCB2AB231}.Debug|Any CPU.Build.0 = Debug|Any CPU
		{678EC421-9DD4-46B7-B5AC-025BCB2AB231}.Release|Any CPU.ActiveCfg = Release|Any CPU
		{678EC421-9DD4-46B7-B5AC-025BCB2AB231}.Release|Any CPU.Build.0 = Release|Any CPU
	EndGlobalSection
	GlobalSection(SolutionProperties) = preSolution
		HideSolutionNode = FALSE
	EndGlobalSection
	GlobalSection(ExtensibilityGlobals) = postSolution
		SolutionGuid = {D1148FA6-D2AF-49D6-B06F-8CFC804178FB}
	EndGlobalSection
EndGlobal
